
Microsoft Visual Studio Solution File, Format Version 12.00
# Visual Studio Version 17
VisualStudioVersion = 17.0.31903.59
MinimumVisualStudioVersion = 10.0.40219.1
Project("{FAE04EC0-301F-11D3-BF4B-00C04F79EFBC}") = "ConsoleApp", "ConsoleApp\ConsoleApp.csproj", "{9091C33C-B29A-44F7-848F-E2F6BE9D3C0C}"
EndProject
Project("{FAE04EC0-301F-11D3-BF4B-00C04F79EFBC}") = "LogicExercise", "LogicExercise\LogicExercise.csproj", "{A7CFD556-C461-44F5-A801-491B852933E9}"
EndProject
Project("{FAE04EC0-301F-11D3-BF4B-00C04F79EFBC}") = "Syntax", "Syntax\Syntax.csproj", "{63905D9C-0BA0-46B5-A74F-910803EDB8A6}"
EndProject
Project("{FAE04EC0-301F-11D3-BF4B-00C04F79EFBC}") = "Arrays", "Arrays\Arrays.csproj", "{7EE5A9F6-0873-4A7D-9DD9-6FDBF51C2FC1}"
EndProject
Project("{FAE04EC0-301F-11D3-BF4B-00C04F79EFBC}") = "ObjectCalculator", "ObjectCalculator\ObjectCalculator.csproj", "{443D4951-3A88-4A80-93E6-8CACE19115DB}"
EndProject
Project("{FAE04EC0-301F-11D3-BF4B-00C04F79EFBC}") = "WebApplication", "WebApplication\WebApplication.csproj", "{8BD94412-51E6-49A0-8BE9-22DD80D0B274}"
EndProject
Project("{FAE04EC0-301F-11D3-BF4B-00C04F79EFBC}") = "DemoClasses", "DemoClasses\DemoClasses.csproj", "{59854072-0F7D-4D2E-994A-5795DF90DC11}"
EndProject
Project("{FAE04EC0-301F-11D3-BF4B-00C04F79EFBC}") = "DemoObject", "DemoObject\DemoObject.csproj", "{7FDC58DC-1C33-4AE3-A083-76BD5434580A}"
EndProject
Project("{FAE04EC0-301F-11D3-BF4B-00C04F79EFBC}") = "InhiretanceMiniProject", "InhiretanceMiniProject\InhiretanceMiniProject.csproj", "{94811851-13F8-4854-873C-8363A874D7DF}"
EndProject
Project("{FAE04EC0-301F-11D3-BF4B-00C04F79EFBC}") = "TrialAndError", "TrialAndError\TrialAndError.csproj", "{1B9DB8C4-83B2-4959-A6E8-8C71960DF25B}"
EndProject
Project("{FAE04EC0-301F-11D3-BF4B-00C04F79EFBC}") = "ObjectMiniProject", "ObjectMiniProject\ObjectMiniProject.csproj", "{4DA1B337-61B8-4474-BB5D-076088ADD373}"
EndProject
Project("{FAE04EC0-301F-11D3-BF4B-00C04F79EFBC}") = "StructMiniProject", "StructMiniProject\StructMiniProject.csproj", "{C851371C-200C-4B06-A16F-40CCD5AF0EE8}"
EndProject
Project("{FAE04EC0-301F-11D3-BF4B-00C04F79EFBC}") = "DemoDelegate", "DemoDelegate\DemoDelegate.csproj", "{B1C9C111-8522-4AF0-93CA-692E6F260101}"
EndProject
Project("{FAE04EC0-301F-11D3-BF4B-00C04F79EFBC}") = "LogicExercise2", "LogicExercise2\LogicExercise2.csproj", "{AAC1F3F6-CAB6-48B5-9CF4-3754D8EA49C5}"
EndProject
Project("{FAE04EC0-301F-11D3-BF4B-00C04F79EFBC}") = "DemoEventHandler", "DemoEventHandler\DemoEventHandler.csproj", "{D7454378-2380-47B2-A375-DA60FCE36D3A}"
EndProject
Project("{FAE04EC0-301F-11D3-BF4B-00C04F79EFBC}") = "DemoEnum", "DemoEnum\DemoEnum.csproj", "{102F1C83-9F71-4087-AA8A-C1C864EF161C}"
EndProject
Project("{FAE04EC0-301F-11D3-BF4B-00C04F79EFBC}") = "TrialAndError2", "TrialAndError2\TrialAndError2.csproj", "{100A2459-0734-4890-974E-AA63D604AADD}"
EndProject
Project("{FAE04EC0-301F-11D3-BF4B-00C04F79EFBC}") = "Practice", "Practice\Practice.csproj", "{FD24AA57-8C31-4DE3-8746-7E533CDFAEAD}"
EndProject
Project("{FAE04EC0-301F-11D3-BF4B-00C04F79EFBC}") = "dump", "dump\dump.csproj", "{4F90FCF4-405F-482D-AA3E-917DCCF5045F}"
EndProject
Global
	GlobalSection(SolutionConfigurationPlatforms) = preSolution
		Debug|Any CPU = Debug|Any CPU
		Debug|x64 = Debug|x64
		Debug|x86 = Debug|x86
		Release|Any CPU = Release|Any CPU
		Release|x64 = Release|x64
		Release|x86 = Release|x86
	EndGlobalSection
	GlobalSection(ProjectConfigurationPlatforms) = postSolution
		{9091C33C-B29A-44F7-848F-E2F6BE9D3C0C}.Debug|Any CPU.ActiveCfg = Debug|Any CPU
		{9091C33C-B29A-44F7-848F-E2F6BE9D3C0C}.Debug|Any CPU.Build.0 = Debug|Any CPU
		{9091C33C-B29A-44F7-848F-E2F6BE9D3C0C}.Debug|x64.ActiveCfg = Debug|Any CPU
		{9091C33C-B29A-44F7-848F-E2F6BE9D3C0C}.Debug|x64.Build.0 = Debug|Any CPU
		{9091C33C-B29A-44F7-848F-E2F6BE9D3C0C}.Debug|x86.ActiveCfg = Debug|Any CPU
		{9091C33C-B29A-44F7-848F-E2F6BE9D3C0C}.Debug|x86.Build.0 = Debug|Any CPU
		{9091C33C-B29A-44F7-848F-E2F6BE9D3C0C}.Release|Any CPU.ActiveCfg = Release|Any CPU
		{9091C33C-B29A-44F7-848F-E2F6BE9D3C0C}.Release|Any CPU.Build.0 = Release|Any CPU
		{9091C33C-B29A-44F7-848F-E2F6BE9D3C0C}.Release|x64.ActiveCfg = Release|Any CPU
		{9091C33C-B29A-44F7-848F-E2F6BE9D3C0C}.Release|x64.Build.0 = Release|Any CPU
		{9091C33C-B29A-44F7-848F-E2F6BE9D3C0C}.Release|x86.ActiveCfg = Release|Any CPU
		{9091C33C-B29A-44F7-848F-E2F6BE9D3C0C}.Release|x86.Build.0 = Release|Any CPU
		{A7CFD556-C461-44F5-A801-491B852933E9}.Debug|Any CPU.ActiveCfg = Debug|Any CPU
		{A7CFD556-C461-44F5-A801-491B852933E9}.Debug|Any CPU.Build.0 = Debug|Any CPU
		{A7CFD556-C461-44F5-A801-491B852933E9}.Debug|x64.ActiveCfg = Debug|Any CPU
		{A7CFD556-C461-44F5-A801-491B852933E9}.Debug|x64.Build.0 = Debug|Any CPU
		{A7CFD556-C461-44F5-A801-491B852933E9}.Debug|x86.ActiveCfg = Debug|Any CPU
		{A7CFD556-C461-44F5-A801-491B852933E9}.Debug|x86.Build.0 = Debug|Any CPU
		{A7CFD556-C461-44F5-A801-491B852933E9}.Release|Any CPU.ActiveCfg = Release|Any CPU
		{A7CFD556-C461-44F5-A801-491B852933E9}.Release|Any CPU.Build.0 = Release|Any CPU
		{A7CFD556-C461-44F5-A801-491B852933E9}.Release|x64.ActiveCfg = Release|Any CPU
		{A7CFD556-C461-44F5-A801-491B852933E9}.Release|x64.Build.0 = Release|Any CPU
		{A7CFD556-C461-44F5-A801-491B852933E9}.Release|x86.ActiveCfg = Release|Any CPU
		{A7CFD556-C461-44F5-A801-491B852933E9}.Release|x86.Build.0 = Release|Any CPU
		{63905D9C-0BA0-46B5-A74F-910803EDB8A6}.Debug|Any CPU.ActiveCfg = Debug|Any CPU
		{63905D9C-0BA0-46B5-A74F-910803EDB8A6}.Debug|Any CPU.Build.0 = Debug|Any CPU
		{63905D9C-0BA0-46B5-A74F-910803EDB8A6}.Debug|x64.ActiveCfg = Debug|Any CPU
		{63905D9C-0BA0-46B5-A74F-910803EDB8A6}.Debug|x64.Build.0 = Debug|Any CPU
		{63905D9C-0BA0-46B5-A74F-910803EDB8A6}.Debug|x86.ActiveCfg = Debug|Any CPU
		{63905D9C-0BA0-46B5-A74F-910803EDB8A6}.Debug|x86.Build.0 = Debug|Any CPU
		{63905D9C-0BA0-46B5-A74F-910803EDB8A6}.Release|Any CPU.ActiveCfg = Release|Any CPU
		{63905D9C-0BA0-46B5-A74F-910803EDB8A6}.Release|Any CPU.Build.0 = Release|Any CPU
		{63905D9C-0BA0-46B5-A74F-910803EDB8A6}.Release|x64.ActiveCfg = Release|Any CPU
		{63905D9C-0BA0-46B5-A74F-910803EDB8A6}.Release|x64.Build.0 = Release|Any CPU
		{63905D9C-0BA0-46B5-A74F-910803EDB8A6}.Release|x86.ActiveCfg = Release|Any CPU
		{63905D9C-0BA0-46B5-A74F-910803EDB8A6}.Release|x86.Build.0 = Release|Any CPU
		{7EE5A9F6-0873-4A7D-9DD9-6FDBF51C2FC1}.Debug|Any CPU.ActiveCfg = Debug|Any CPU
		{7EE5A9F6-0873-4A7D-9DD9-6FDBF51C2FC1}.Debug|Any CPU.Build.0 = Debug|Any CPU
		{7EE5A9F6-0873-4A7D-9DD9-6FDBF51C2FC1}.Debug|x64.ActiveCfg = Debug|Any CPU
		{7EE5A9F6-0873-4A7D-9DD9-6FDBF51C2FC1}.Debug|x64.Build.0 = Debug|Any CPU
		{7EE5A9F6-0873-4A7D-9DD9-6FDBF51C2FC1}.Debug|x86.ActiveCfg = Debug|Any CPU
		{7EE5A9F6-0873-4A7D-9DD9-6FDBF51C2FC1}.Debug|x86.Build.0 = Debug|Any CPU
		{7EE5A9F6-0873-4A7D-9DD9-6FDBF51C2FC1}.Release|Any CPU.ActiveCfg = Release|Any CPU
		{7EE5A9F6-0873-4A7D-9DD9-6FDBF51C2FC1}.Release|Any CPU.Build.0 = Release|Any CPU
		{7EE5A9F6-0873-4A7D-9DD9-6FDBF51C2FC1}.Release|x64.ActiveCfg = Release|Any CPU
		{7EE5A9F6-0873-4A7D-9DD9-6FDBF51C2FC1}.Release|x64.Build.0 = Release|Any CPU
		{7EE5A9F6-0873-4A7D-9DD9-6FDBF51C2FC1}.Release|x86.ActiveCfg = Release|Any CPU
		{7EE5A9F6-0873-4A7D-9DD9-6FDBF51C2FC1}.Release|x86.Build.0 = Release|Any CPU
		{443D4951-3A88-4A80-93E6-8CACE19115DB}.Debug|Any CPU.ActiveCfg = Debug|Any CPU
		{443D4951-3A88-4A80-93E6-8CACE19115DB}.Debug|Any CPU.Build.0 = Debug|Any CPU
		{443D4951-3A88-4A80-93E6-8CACE19115DB}.Debug|x64.ActiveCfg = Debug|Any CPU
		{443D4951-3A88-4A80-93E6-8CACE19115DB}.Debug|x64.Build.0 = Debug|Any CPU
		{443D4951-3A88-4A80-93E6-8CACE19115DB}.Debug|x86.ActiveCfg = Debug|Any CPU
		{443D4951-3A88-4A80-93E6-8CACE19115DB}.Debug|x86.Build.0 = Debug|Any CPU
		{443D4951-3A88-4A80-93E6-8CACE19115DB}.Release|Any CPU.ActiveCfg = Release|Any CPU
		{443D4951-3A88-4A80-93E6-8CACE19115DB}.Release|Any CPU.Build.0 = Release|Any CPU
		{443D4951-3A88-4A80-93E6-8CACE19115DB}.Release|x64.ActiveCfg = Release|Any CPU
		{443D4951-3A88-4A80-93E6-8CACE19115DB}.Release|x64.Build.0 = Release|Any CPU
		{443D4951-3A88-4A80-93E6-8CACE19115DB}.Release|x86.ActiveCfg = Release|Any CPU
		{443D4951-3A88-4A80-93E6-8CACE19115DB}.Release|x86.Build.0 = Release|Any CPU
		{8BD94412-51E6-49A0-8BE9-22DD80D0B274}.Debug|Any CPU.ActiveCfg = Debug|Any CPU
		{8BD94412-51E6-49A0-8BE9-22DD80D0B274}.Debug|Any CPU.Build.0 = Debug|Any CPU
		{8BD94412-51E6-49A0-8BE9-22DD80D0B274}.Debug|x64.ActiveCfg = Debug|Any CPU
		{8BD94412-51E6-49A0-8BE9-22DD80D0B274}.Debug|x64.Build.0 = Debug|Any CPU
		{8BD94412-51E6-49A0-8BE9-22DD80D0B274}.Debug|x86.ActiveCfg = Debug|Any CPU
		{8BD94412-51E6-49A0-8BE9-22DD80D0B274}.Debug|x86.Build.0 = Debug|Any CPU
		{8BD94412-51E6-49A0-8BE9-22DD80D0B274}.Release|Any CPU.ActiveCfg = Release|Any CPU
		{8BD94412-51E6-49A0-8BE9-22DD80D0B274}.Release|Any CPU.Build.0 = Release|Any CPU
		{8BD94412-51E6-49A0-8BE9-22DD80D0B274}.Release|x64.ActiveCfg = Release|Any CPU
		{8BD94412-51E6-49A0-8BE9-22DD80D0B274}.Release|x64.Build.0 = Release|Any CPU
		{8BD94412-51E6-49A0-8BE9-22DD80D0B274}.Release|x86.ActiveCfg = Release|Any CPU
		{8BD94412-51E6-49A0-8BE9-22DD80D0B274}.Release|x86.Build.0 = Release|Any CPU
		{59854072-0F7D-4D2E-994A-5795DF90DC11}.Debug|Any CPU.ActiveCfg = Debug|Any CPU
		{59854072-0F7D-4D2E-994A-5795DF90DC11}.Debug|Any CPU.Build.0 = Debug|Any CPU
		{59854072-0F7D-4D2E-994A-5795DF90DC11}.Debug|x64.ActiveCfg = Debug|Any CPU
		{59854072-0F7D-4D2E-994A-5795DF90DC11}.Debug|x64.Build.0 = Debug|Any CPU
		{59854072-0F7D-4D2E-994A-5795DF90DC11}.Debug|x86.ActiveCfg = Debug|Any CPU
		{59854072-0F7D-4D2E-994A-5795DF90DC11}.Debug|x86.Build.0 = Debug|Any CPU
		{59854072-0F7D-4D2E-994A-5795DF90DC11}.Release|Any CPU.ActiveCfg = Release|Any CPU
		{59854072-0F7D-4D2E-994A-5795DF90DC11}.Release|Any CPU.Build.0 = Release|Any CPU
		{59854072-0F7D-4D2E-994A-5795DF90DC11}.Release|x64.ActiveCfg = Release|Any CPU
		{59854072-0F7D-4D2E-994A-5795DF90DC11}.Release|x64.Build.0 = Release|Any CPU
		{59854072-0F7D-4D2E-994A-5795DF90DC11}.Release|x86.ActiveCfg = Release|Any CPU
		{59854072-0F7D-4D2E-994A-5795DF90DC11}.Release|x86.Build.0 = Release|Any CPU
		{7FDC58DC-1C33-4AE3-A083-76BD5434580A}.Debug|Any CPU.ActiveCfg = Debug|Any CPU
		{7FDC58DC-1C33-4AE3-A083-76BD5434580A}.Debug|Any CPU.Build.0 = Debug|Any CPU
		{7FDC58DC-1C33-4AE3-A083-76BD5434580A}.Debug|x64.ActiveCfg = Debug|Any CPU
		{7FDC58DC-1C33-4AE3-A083-76BD5434580A}.Debug|x64.Build.0 = Debug|Any CPU
		{7FDC58DC-1C33-4AE3-A083-76BD5434580A}.Debug|x86.ActiveCfg = Debug|Any CPU
		{7FDC58DC-1C33-4AE3-A083-76BD5434580A}.Debug|x86.Build.0 = Debug|Any CPU
		{7FDC58DC-1C33-4AE3-A083-76BD5434580A}.Release|Any CPU.ActiveCfg = Release|Any CPU
		{7FDC58DC-1C33-4AE3-A083-76BD5434580A}.Release|Any CPU.Build.0 = Release|Any CPU
		{7FDC58DC-1C33-4AE3-A083-76BD5434580A}.Release|x64.ActiveCfg = Release|Any CPU
		{7FDC58DC-1C33-4AE3-A083-76BD5434580A}.Release|x64.Build.0 = Release|Any CPU
		{7FDC58DC-1C33-4AE3-A083-76BD5434580A}.Release|x86.ActiveCfg = Release|Any CPU
		{7FDC58DC-1C33-4AE3-A083-76BD5434580A}.Release|x86.Build.0 = Release|Any CPU
		{94811851-13F8-4854-873C-8363A874D7DF}.Debug|Any CPU.ActiveCfg = Debug|Any CPU
		{94811851-13F8-4854-873C-8363A874D7DF}.Debug|Any CPU.Build.0 = Debug|Any CPU
		{94811851-13F8-4854-873C-8363A874D7DF}.Debug|x64.ActiveCfg = Debug|Any CPU
		{94811851-13F8-4854-873C-8363A874D7DF}.Debug|x64.Build.0 = Debug|Any CPU
		{94811851-13F8-4854-873C-8363A874D7DF}.Debug|x86.ActiveCfg = Debug|Any CPU
		{94811851-13F8-4854-873C-8363A874D7DF}.Debug|x86.Build.0 = Debug|Any CPU
		{94811851-13F8-4854-873C-8363A874D7DF}.Release|Any CPU.ActiveCfg = Release|Any CPU
		{94811851-13F8-4854-873C-8363A874D7DF}.Release|Any CPU.Build.0 = Release|Any CPU
		{94811851-13F8-4854-873C-8363A874D7DF}.Release|x64.ActiveCfg = Release|Any CPU
		{94811851-13F8-4854-873C-8363A874D7DF}.Release|x64.Build.0 = Release|Any CPU
		{94811851-13F8-4854-873C-8363A874D7DF}.Release|x86.ActiveCfg = Release|Any CPU
		{94811851-13F8-4854-873C-8363A874D7DF}.Release|x86.Build.0 = Release|Any CPU
		{1B9DB8C4-83B2-4959-A6E8-8C71960DF25B}.Debug|Any CPU.ActiveCfg = Debug|Any CPU
		{1B9DB8C4-83B2-4959-A6E8-8C71960DF25B}.Debug|Any CPU.Build.0 = Debug|Any CPU
		{1B9DB8C4-83B2-4959-A6E8-8C71960DF25B}.Debug|x64.ActiveCfg = Debug|Any CPU
		{1B9DB8C4-83B2-4959-A6E8-8C71960DF25B}.Debug|x64.Build.0 = Debug|Any CPU
		{1B9DB8C4-83B2-4959-A6E8-8C71960DF25B}.Debug|x86.ActiveCfg = Debug|Any CPU
		{1B9DB8C4-83B2-4959-A6E8-8C71960DF25B}.Debug|x86.Build.0 = Debug|Any CPU
		{1B9DB8C4-83B2-4959-A6E8-8C71960DF25B}.Release|Any CPU.ActiveCfg = Release|Any CPU
		{1B9DB8C4-83B2-4959-A6E8-8C71960DF25B}.Release|Any CPU.Build.0 = Release|Any CPU
		{1B9DB8C4-83B2-4959-A6E8-8C71960DF25B}.Release|x64.ActiveCfg = Release|Any CPU
		{1B9DB8C4-83B2-4959-A6E8-8C71960DF25B}.Release|x64.Build.0 = Release|Any CPU
		{1B9DB8C4-83B2-4959-A6E8-8C71960DF25B}.Release|x86.ActiveCfg = Release|Any CPU
		{1B9DB8C4-83B2-4959-A6E8-8C71960DF25B}.Release|x86.Build.0 = Release|Any CPU
		{4DA1B337-61B8-4474-BB5D-076088ADD373}.Debug|Any CPU.ActiveCfg = Debug|Any CPU
		{4DA1B337-61B8-4474-BB5D-076088ADD373}.Debug|Any CPU.Build.0 = Debug|Any CPU
		{4DA1B337-61B8-4474-BB5D-076088ADD373}.Debug|x64.ActiveCfg = Debug|Any CPU
		{4DA1B337-61B8-4474-BB5D-076088ADD373}.Debug|x64.Build.0 = Debug|Any CPU
		{4DA1B337-61B8-4474-BB5D-076088ADD373}.Debug|x86.ActiveCfg = Debug|Any CPU
		{4DA1B337-61B8-4474-BB5D-076088ADD373}.Debug|x86.Build.0 = Debug|Any CPU
		{4DA1B337-61B8-4474-BB5D-076088ADD373}.Release|Any CPU.ActiveCfg = Release|Any CPU
		{4DA1B337-61B8-4474-BB5D-076088ADD373}.Release|Any CPU.Build.0 = Release|Any CPU
		{4DA1B337-61B8-4474-BB5D-076088ADD373}.Release|x64.ActiveCfg = Release|Any CPU
		{4DA1B337-61B8-4474-BB5D-076088ADD373}.Release|x64.Build.0 = Release|Any CPU
		{4DA1B337-61B8-4474-BB5D-076088ADD373}.Release|x86.ActiveCfg = Release|Any CPU
		{4DA1B337-61B8-4474-BB5D-076088ADD373}.Release|x86.Build.0 = Release|Any CPU
		{C851371C-200C-4B06-A16F-40CCD5AF0EE8}.Debug|Any CPU.ActiveCfg = Debug|Any CPU
		{C851371C-200C-4B06-A16F-40CCD5AF0EE8}.Debug|Any CPU.Build.0 = Debug|Any CPU
		{C851371C-200C-4B06-A16F-40CCD5AF0EE8}.Debug|x64.ActiveCfg = Debug|Any CPU
		{C851371C-200C-4B06-A16F-40CCD5AF0EE8}.Debug|x64.Build.0 = Debug|Any CPU
		{C851371C-200C-4B06-A16F-40CCD5AF0EE8}.Debug|x86.ActiveCfg = Debug|Any CPU
		{C851371C-200C-4B06-A16F-40CCD5AF0EE8}.Debug|x86.Build.0 = Debug|Any CPU
		{C851371C-200C-4B06-A16F-40CCD5AF0EE8}.Release|Any CPU.ActiveCfg = Release|Any CPU
		{C851371C-200C-4B06-A16F-40CCD5AF0EE8}.Release|Any CPU.Build.0 = Release|Any CPU
		{C851371C-200C-4B06-A16F-40CCD5AF0EE8}.Release|x64.ActiveCfg = Release|Any CPU
		{C851371C-200C-4B06-A16F-40CCD5AF0EE8}.Release|x64.Build.0 = Release|Any CPU
		{C851371C-200C-4B06-A16F-40CCD5AF0EE8}.Release|x86.ActiveCfg = Release|Any CPU
		{C851371C-200C-4B06-A16F-40CCD5AF0EE8}.Release|x86.Build.0 = Release|Any CPU
		{B1C9C111-8522-4AF0-93CA-692E6F260101}.Debug|Any CPU.ActiveCfg = Debug|Any CPU
		{B1C9C111-8522-4AF0-93CA-692E6F260101}.Debug|Any CPU.Build.0 = Debug|Any CPU
		{B1C9C111-8522-4AF0-93CA-692E6F260101}.Debug|x64.ActiveCfg = Debug|Any CPU
		{B1C9C111-8522-4AF0-93CA-692E6F260101}.Debug|x64.Build.0 = Debug|Any CPU
		{B1C9C111-8522-4AF0-93CA-692E6F260101}.Debug|x86.ActiveCfg = Debug|Any CPU
		{B1C9C111-8522-4AF0-93CA-692E6F260101}.Debug|x86.Build.0 = Debug|Any CPU
		{B1C9C111-8522-4AF0-93CA-692E6F260101}.Release|Any CPU.ActiveCfg = Release|Any CPU
		{B1C9C111-8522-4AF0-93CA-692E6F260101}.Release|Any CPU.Build.0 = Release|Any CPU
		{B1C9C111-8522-4AF0-93CA-692E6F260101}.Release|x64.ActiveCfg = Release|Any CPU
		{B1C9C111-8522-4AF0-93CA-692E6F260101}.Release|x64.Build.0 = Release|Any CPU
		{B1C9C111-8522-4AF0-93CA-692E6F260101}.Release|x86.ActiveCfg = Release|Any CPU
		{B1C9C111-8522-4AF0-93CA-692E6F260101}.Release|x86.Build.0 = Release|Any CPU
		{AAC1F3F6-CAB6-48B5-9CF4-3754D8EA49C5}.Debug|Any CPU.ActiveCfg = Debug|Any CPU
		{AAC1F3F6-CAB6-48B5-9CF4-3754D8EA49C5}.Debug|Any CPU.Build.0 = Debug|Any CPU
		{AAC1F3F6-CAB6-48B5-9CF4-3754D8EA49C5}.Debug|x64.ActiveCfg = Debug|Any CPU
		{AAC1F3F6-CAB6-48B5-9CF4-3754D8EA49C5}.Debug|x64.Build.0 = Debug|Any CPU
		{AAC1F3F6-CAB6-48B5-9CF4-3754D8EA49C5}.Debug|x86.ActiveCfg = Debug|Any CPU
		{AAC1F3F6-CAB6-48B5-9CF4-3754D8EA49C5}.Debug|x86.Build.0 = Debug|Any CPU
		{AAC1F3F6-CAB6-48B5-9CF4-3754D8EA49C5}.Release|Any CPU.ActiveCfg = Release|Any CPU
		{AAC1F3F6-CAB6-48B5-9CF4-3754D8EA49C5}.Release|Any CPU.Build.0 = Release|Any CPU
		{AAC1F3F6-CAB6-48B5-9CF4-3754D8EA49C5}.Release|x64.ActiveCfg = Release|Any CPU
		{AAC1F3F6-CAB6-48B5-9CF4-3754D8EA49C5}.Release|x64.Build.0 = Release|Any CPU
		{AAC1F3F6-CAB6-48B5-9CF4-3754D8EA49C5}.Release|x86.ActiveCfg = Release|Any CPU
		{AAC1F3F6-CAB6-48B5-9CF4-3754D8EA49C5}.Release|x86.Build.0 = Release|Any CPU
		{D7454378-2380-47B2-A375-DA60FCE36D3A}.Debug|Any CPU.ActiveCfg = Debug|Any CPU
		{D7454378-2380-47B2-A375-DA60FCE36D3A}.Debug|Any CPU.Build.0 = Debug|Any CPU
		{D7454378-2380-47B2-A375-DA60FCE36D3A}.Debug|x64.ActiveCfg = Debug|Any CPU
		{D7454378-2380-47B2-A375-DA60FCE36D3A}.Debug|x64.Build.0 = Debug|Any CPU
		{D7454378-2380-47B2-A375-DA60FCE36D3A}.Debug|x86.ActiveCfg = Debug|Any CPU
		{D7454378-2380-47B2-A375-DA60FCE36D3A}.Debug|x86.Build.0 = Debug|Any CPU
		{D7454378-2380-47B2-A375-DA60FCE36D3A}.Release|Any CPU.ActiveCfg = Release|Any CPU
		{D7454378-2380-47B2-A375-DA60FCE36D3A}.Release|Any CPU.Build.0 = Release|Any CPU
		{D7454378-2380-47B2-A375-DA60FCE36D3A}.Release|x64.ActiveCfg = Release|Any CPU
		{D7454378-2380-47B2-A375-DA60FCE36D3A}.Release|x64.Build.0 = Release|Any CPU
		{D7454378-2380-47B2-A375-DA60FCE36D3A}.Release|x86.ActiveCfg = Release|Any CPU
		{D7454378-2380-47B2-A375-DA60FCE36D3A}.Release|x86.Build.0 = Release|Any CPU
		{102F1C83-9F71-4087-AA8A-C1C864EF161C}.Debug|Any CPU.ActiveCfg = Debug|Any CPU
		{102F1C83-9F71-4087-AA8A-C1C864EF161C}.Debug|Any CPU.Build.0 = Debug|Any CPU
		{102F1C83-9F71-4087-AA8A-C1C864EF161C}.Debug|x64.ActiveCfg = Debug|Any CPU
		{102F1C83-9F71-4087-AA8A-C1C864EF161C}.Debug|x64.Build.0 = Debug|Any CPU
		{102F1C83-9F71-4087-AA8A-C1C864EF161C}.Debug|x86.ActiveCfg = Debug|Any CPU
		{102F1C83-9F71-4087-AA8A-C1C864EF161C}.Debug|x86.Build.0 = Debug|Any CPU
		{102F1C83-9F71-4087-AA8A-C1C864EF161C}.Release|Any CPU.ActiveCfg = Release|Any CPU
		{102F1C83-9F71-4087-AA8A-C1C864EF161C}.Release|Any CPU.Build.0 = Release|Any CPU
		{102F1C83-9F71-4087-AA8A-C1C864EF161C}.Release|x64.ActiveCfg = Release|Any CPU
		{102F1C83-9F71-4087-AA8A-C1C864EF161C}.Release|x64.Build.0 = Release|Any CPU
		{102F1C83-9F71-4087-AA8A-C1C864EF161C}.Release|x86.ActiveCfg = Release|Any CPU
		{102F1C83-9F71-4087-AA8A-C1C864EF161C}.Release|x86.Build.0 = Release|Any CPU
		{100A2459-0734-4890-974E-AA63D604AADD}.Debug|Any CPU.ActiveCfg = Debug|Any CPU
		{100A2459-0734-4890-974E-AA63D604AADD}.Debug|Any CPU.Build.0 = Debug|Any CPU
		{100A2459-0734-4890-974E-AA63D604AADD}.Debug|x64.ActiveCfg = Debug|Any CPU
		{100A2459-0734-4890-974E-AA63D604AADD}.Debug|x64.Build.0 = Debug|Any CPU
		{100A2459-0734-4890-974E-AA63D604AADD}.Debug|x86.ActiveCfg = Debug|Any CPU
		{100A2459-0734-4890-974E-AA63D604AADD}.Debug|x86.Build.0 = Debug|Any CPU
		{100A2459-0734-4890-974E-AA63D604AADD}.Release|Any CPU.ActiveCfg = Release|Any CPU
		{100A2459-0734-4890-974E-AA63D604AADD}.Release|Any CPU.Build.0 = Release|Any CPU
		{100A2459-0734-4890-974E-AA63D604AADD}.Release|x64.ActiveCfg = Release|Any CPU
		{100A2459-0734-4890-974E-AA63D604AADD}.Release|x64.Build.0 = Release|Any CPU
		{100A2459-0734-4890-974E-AA63D604AADD}.Release|x86.ActiveCfg = Release|Any CPU
		{100A2459-0734-4890-974E-AA63D604AADD}.Release|x86.Build.0 = Release|Any CPU
		{FD24AA57-8C31-4DE3-8746-7E533CDFAEAD}.Debug|Any CPU.ActiveCfg = Debug|Any CPU
		{FD24AA57-8C31-4DE3-8746-7E533CDFAEAD}.Debug|Any CPU.Build.0 = Debug|Any CPU
		{FD24AA57-8C31-4DE3-8746-7E533CDFAEAD}.Debug|x64.ActiveCfg = Debug|Any CPU
		{FD24AA57-8C31-4DE3-8746-7E533CDFAEAD}.Debug|x64.Build.0 = Debug|Any CPU
		{FD24AA57-8C31-4DE3-8746-7E533CDFAEAD}.Debug|x86.ActiveCfg = Debug|Any CPU
		{FD24AA57-8C31-4DE3-8746-7E533CDFAEAD}.Debug|x86.Build.0 = Debug|Any CPU
		{FD24AA57-8C31-4DE3-8746-7E533CDFAEAD}.Release|Any CPU.ActiveCfg = Release|Any CPU
		{FD24AA57-8C31-4DE3-8746-7E533CDFAEAD}.Release|Any CPU.Build.0 = Release|Any CPU
		{FD24AA57-8C31-4DE3-8746-7E533CDFAEAD}.Release|x64.ActiveCfg = Release|Any CPU
		{FD24AA57-8C31-4DE3-8746-7E533CDFAEAD}.Release|x64.Build.0 = Release|Any CPU
		{FD24AA57-8C31-4DE3-8746-7E533CDFAEAD}.Release|x86.ActiveCfg = Release|Any CPU
		{FD24AA57-8C31-4DE3-8746-7E533CDFAEAD}.Release|x86.Build.0 = Release|Any CPU
		{4F90FCF4-405F-482D-AA3E-917DCCF5045F}.Debug|Any CPU.ActiveCfg = Debug|Any CPU
		{4F90FCF4-405F-482D-AA3E-917DCCF5045F}.Debug|Any CPU.Build.0 = Debug|Any CPU
		{4F90FCF4-405F-482D-AA3E-917DCCF5045F}.Debug|x64.ActiveCfg = Debug|Any CPU
		{4F90FCF4-405F-482D-AA3E-917DCCF5045F}.Debug|x64.Build.0 = Debug|Any CPU
		{4F90FCF4-405F-482D-AA3E-917DCCF5045F}.Debug|x86.ActiveCfg = Debug|Any CPU
		{4F90FCF4-405F-482D-AA3E-917DCCF5045F}.Debug|x86.Build.0 = Debug|Any CPU
		{4F90FCF4-405F-482D-AA3E-917DCCF5045F}.Release|Any CPU.ActiveCfg = Release|Any CPU
		{4F90FCF4-405F-482D-AA3E-917DCCF5045F}.Release|Any CPU.Build.0 = Release|Any CPU
		{4F90FCF4-405F-482D-AA3E-917DCCF5045F}.Release|x64.ActiveCfg = Release|Any CPU
		{4F90FCF4-405F-482D-AA3E-917DCCF5045F}.Release|x64.Build.0 = Release|Any CPU
		{4F90FCF4-405F-482D-AA3E-917DCCF5045F}.Release|x86.ActiveCfg = Release|Any CPU
		{4F90FCF4-405F-482D-AA3E-917DCCF5045F}.Release|x86.Build.0 = Release|Any CPU
	EndGlobalSection
	GlobalSection(SolutionProperties) = preSolution
		HideSolutionNode = FALSE
	EndGlobalSection
EndGlobal
